# This file is autogenerated, do not edit; changes may be undone by the next 'dep ensure'.


[[projects]]
  branch = "master"
  digest = "1:0a509985e0c7b62bfebe51532e665aaa46cbcfdd19251c0712709a7d002a4846"
  name = "golang.org/x/sys"
  packages = [
    "internal/unsafeheader",
    "windows",
  ]
  pruneopts = ""
  revision = "8fe3ee5dd75b278632199a2614e4eac8235af0d0"

[solve-meta]
  analyzer-name = "dep"
  analyzer-version = 1
  input-imports = ["golang.org/x/sys/windows"]
  solver-name = "gps-cdcl"
  solver-version = 1
