# This file is autogenerated, do not edit; changes may be undone by the next 'dep ensure'.


[[projects]]
  branch = "master"
  digest = "1:0ea6cd4af7ca62aa1977d63a2e783f8161c794f757483468138141f2ce74731e"
  name = "golang.org/x/sys"
  packages = [
    "internal/unsafeheader",
    "windows",
  ]
  pruneopts = ""
  revision = "fe76b779f299728f3bd63f77ea2c815504229c3b"

[solve-meta]
  analyzer-name = "dep"
  analyzer-version = 1
  input-imports = ["golang.org/x/sys/windows"]
  solver-name = "gps-cdcl"
  solver-version = 1
