# This file is autogenerated, do not edit; changes may be undone by the next 'dep ensure'.


[[projects]]
  branch = "master"
  digest = "1:a7761a6c68508a635adb8dd6ae304bda27a710958ba3231e7ec5ed845735c6fd"
  name = "golang.org/x/sys"
  packages = [
    "internal/unsafeheader",
    "windows",
  ]
  pruneopts = ""
  revision = "4b90ce9b60b31bd0d0cbceb17532b5c810912f88"

[solve-meta]
  analyzer-name = "dep"
  analyzer-version = 1
  input-imports = ["golang.org/x/sys/windows"]
  solver-name = "gps-cdcl"
  solver-version = 1
